
Microsoft Visual Studio Solution File, Format Version 12.00
Project("{FAE04EC0-301F-11D3-BF4B-00C04F79EFBC}") = "Demo", "Demo\src\Demo\Demo.csproj", "{D4CF7809-B391-46E7-BCBF-1323CA924DDF}"
EndProject
Project("{2150E333-8FDC-42A3-9474-1A3956D46DE8}") = ".docker", ".docker", "{C7DDEC77-4A9B-456E-99C4-222CB9A91A53}"
	ProjectSection(SolutionItems) = preProject
		docker-compose-infra.yml = docker-compose-infra.yml
	EndProjectSection
EndProject
Project("{FAE04EC0-301F-11D3-BF4B-00C04F79EFBC}") = "Demo.IntegrationTests", "Demo.IntegrationTests\Demo.IntegrationTests.csproj", "{422636BD-10FB-42CA-960B-4C9693A258F4}"
EndProject
Project("{FAE04EC0-301F-11D3-BF4B-00C04F79EFBC}") = "Demo.Domain.UnitTests", "Demo.Domain.UnitTests\Demo.Domain.UnitTests.csproj", "{1E0D0F7A-C4D3-4FB4-88FD-C1D5C8497AF5}"
EndProject
Global
	GlobalSection(SolutionConfigurationPlatforms) = preSolution
		Debug|Any CPU = Debug|Any CPU
		Release|Any CPU = Release|Any CPU
	EndGlobalSection
	GlobalSection(ProjectConfigurationPlatforms) = postSolution
		{D4CF7809-B391-46E7-BCBF-1323CA924DDF}.Debug|Any CPU.ActiveCfg = Debug|Any CPU
		{D4CF7809-B391-46E7-BCBF-1323CA924DDF}.Debug|Any CPU.Build.0 = Debug|Any CPU
		{D4CF7809-B391-46E7-BCBF-1323CA924DDF}.Release|Any CPU.ActiveCfg = Release|Any CPU
		{D4CF7809-B391-46E7-BCBF-1323CA924DDF}.Release|Any CPU.Build.0 = Release|Any CPU
		{422636BD-10FB-42CA-960B-4C9693A258F4}.Debug|Any CPU.ActiveCfg = Debug|Any CPU
		{422636BD-10FB-42CA-960B-4C9693A258F4}.Debug|Any CPU.Build.0 = Debug|Any CPU
		{422636BD-10FB-42CA-960B-4C9693A258F4}.Release|Any CPU.ActiveCfg = Release|Any CPU
		{422636BD-10FB-42CA-960B-4C9693A258F4}.Release|Any CPU.Build.0 = Release|Any CPU
		{1E0D0F7A-C4D3-4FB4-88FD-C1D5C8497AF5}.Debug|Any CPU.ActiveCfg = Debug|Any CPU
		{1E0D0F7A-C4D3-4FB4-88FD-C1D5C8497AF5}.Debug|Any CPU.Build.0 = Debug|Any CPU
		{1E0D0F7A-C4D3-4FB4-88FD-C1D5C8497AF5}.Release|Any CPU.ActiveCfg = Release|Any CPU
		{1E0D0F7A-C4D3-4FB4-88FD-C1D5C8497AF5}.Release|Any CPU.Build.0 = Release|Any CPU
	EndGlobalSection
EndGlobal
