
Microsoft Visual Studio Solution File, Format Version 12.00
# Visual Studio Version 16
VisualStudioVersion = 16.0.30114.105
MinimumVisualStudioVersion = 10.0.40219.1
Project("{2150E333-8FDC-42A3-9474-1A3956D46DE8}") = "src", "src", "{E7AD27C5-39B3-4A16-A166-2BBAA0342AD3}"
EndProject
Project("{FAE04EC0-301F-11D3-BF4B-00C04F79EFBC}") = "Demo", "src\Demo\Demo.csproj", "{B37BF8CB-DF00-4206-8FB8-DEE705AB1C68}"
EndProject
Project("{2150E333-8FDC-42A3-9474-1A3956D46DE8}") = "tests", "tests", "{36F3E421-955A-4006-9063-692D9AD71EC5}"
EndProject
Project("{FAE04EC0-301F-11D3-BF4B-00C04F79EFBC}") = "Demo.Domain.UnitTests", "tests\Demo.Domain.UnitTests\Demo.Domain.UnitTests.csproj", "{1790D547-14D6-4950-AD39-33B6635B556B}"
EndProject
Project("{FAE04EC0-301F-11D3-BF4B-00C04F79EFBC}") = "Demo.IntegrationTests", "tests\Demo.IntegrationTests\Demo.IntegrationTests.csproj", "{1D3CEBB7-1378-4103-9300-CFA02E7E97CA}"
EndProject
Global
	GlobalSection(SolutionConfigurationPlatforms) = preSolution
		Debug|Any CPU = Debug|Any CPU
		Release|Any CPU = Release|Any CPU
	EndGlobalSection
	GlobalSection(SolutionProperties) = preSolution
		HideSolutionNode = FALSE
	EndGlobalSection
	GlobalSection(ProjectConfigurationPlatforms) = postSolution
		{B37BF8CB-DF00-4206-8FB8-DEE705AB1C68}.Debug|Any CPU.ActiveCfg = Debug|Any CPU
		{B37BF8CB-DF00-4206-8FB8-DEE705AB1C68}.Debug|Any CPU.Build.0 = Debug|Any CPU
		{B37BF8CB-DF00-4206-8FB8-DEE705AB1C68}.Release|Any CPU.ActiveCfg = Release|Any CPU
		{B37BF8CB-DF00-4206-8FB8-DEE705AB1C68}.Release|Any CPU.Build.0 = Release|Any CPU
		{1790D547-14D6-4950-AD39-33B6635B556B}.Debug|Any CPU.ActiveCfg = Debug|Any CPU
		{1790D547-14D6-4950-AD39-33B6635B556B}.Debug|Any CPU.Build.0 = Debug|Any CPU
		{1790D547-14D6-4950-AD39-33B6635B556B}.Release|Any CPU.ActiveCfg = Release|Any CPU
		{1790D547-14D6-4950-AD39-33B6635B556B}.Release|Any CPU.Build.0 = Release|Any CPU
		{1D3CEBB7-1378-4103-9300-CFA02E7E97CA}.Debug|Any CPU.ActiveCfg = Debug|Any CPU
		{1D3CEBB7-1378-4103-9300-CFA02E7E97CA}.Debug|Any CPU.Build.0 = Debug|Any CPU
		{1D3CEBB7-1378-4103-9300-CFA02E7E97CA}.Release|Any CPU.ActiveCfg = Release|Any CPU
		{1D3CEBB7-1378-4103-9300-CFA02E7E97CA}.Release|Any CPU.Build.0 = Release|Any CPU
	EndGlobalSection
	GlobalSection(NestedProjects) = preSolution
		{B37BF8CB-DF00-4206-8FB8-DEE705AB1C68} = {E7AD27C5-39B3-4A16-A166-2BBAA0342AD3}
		{1790D547-14D6-4950-AD39-33B6635B556B} = {36F3E421-955A-4006-9063-692D9AD71EC5}
		{1D3CEBB7-1378-4103-9300-CFA02E7E97CA} = {36F3E421-955A-4006-9063-692D9AD71EC5}
	EndGlobalSection
EndGlobal
